
Microsoft Visual Studio Solution File, Format Version 12.00
# Visual Studio Version 16
VisualStudioVersion = 16.0.30114.105
MinimumVisualStudioVersion = 10.0.40219.1
Project("{FAE04EC0-301F-11D3-BF4B-00C04F79EFBC}") = "AppiumCTest", "AppiumCTest\AppiumCTest.csproj", "{947333B8-0E99-4F54-9A43-6FB15C07399E}"
EndProject
Global
	GlobalSection(SolutionConfigurationPlatforms) = preSolution
		Debug|Any CPU = Debug|Any CPU
		Release|Any CPU = Release|Any CPU
	EndGlobalSection
	GlobalSection(ProjectConfigurationPlatforms) = postSolution
		{947333B8-0E99-4F54-9A43-6FB15C07399E}.Debug|Any CPU.ActiveCfg = Debug|Any CPU
		{947333B8-0E99-4F54-9A43-6FB15C07399E}.Debug|Any CPU.Build.0 = Debug|Any CPU
		{947333B8-0E99-4F54-9A43-6FB15C07399E}.Release|Any CPU.ActiveCfg = Release|Any CPU
		{947333B8-0E99-4F54-9A43-6FB15C07399E}.Release|Any CPU.Build.0 = Release|Any CPU
	EndGlobalSection
	GlobalSection(SolutionProperties) = preSolution
		HideSolutionNode = FALSE
	EndGlobalSection
	GlobalSection(ExtensibilityGlobals) = postSolution
		SolutionGuid = {EACF1E18-FC63-4F31-AAE4-9EB5120D13FC}
	EndGlobalSection
EndGlobal
