
Microsoft Visual Studio Solution File, Format Version 12.00
# Visual Studio Version 16
VisualStudioVersion = 16.0.30114.105
MinimumVisualStudioVersion = 10.0.40219.1
Project("{FAE04EC0-301F-11D3-BF4B-00C04F79EFBC}") = "BDDTest", "BDDTest\BDDTest.csproj", "{799E9B3F-EC6A-404D-90D0-496010197F55}"
EndProject
Global
	GlobalSection(SolutionConfigurationPlatforms) = preSolution
		Debug|Any CPU = Debug|Any CPU
		Release|Any CPU = Release|Any CPU
	EndGlobalSection
	GlobalSection(ProjectConfigurationPlatforms) = postSolution
		{799E9B3F-EC6A-404D-90D0-496010197F55}.Debug|Any CPU.ActiveCfg = Debug|Any CPU
		{799E9B3F-EC6A-404D-90D0-496010197F55}.Debug|Any CPU.Build.0 = Debug|Any CPU
		{799E9B3F-EC6A-404D-90D0-496010197F55}.Release|Any CPU.ActiveCfg = Release|Any CPU
		{799E9B3F-EC6A-404D-90D0-496010197F55}.Release|Any CPU.Build.0 = Release|Any CPU
	EndGlobalSection
	GlobalSection(SolutionProperties) = preSolution
		HideSolutionNode = FALSE
	EndGlobalSection
	GlobalSection(ExtensibilityGlobals) = postSolution
		SolutionGuid = {7FB8551A-5341-4AF8-8640-7F57621B35A9}
	EndGlobalSection
EndGlobal
